
Microsoft Visual Studio Solution File, Format Version 12.00
# Visual Studio 2013
VisualStudioVersion = 12.0.31101.0
MinimumVisualStudioVersion = 10.0.40219.1
Project("{2150E333-8FDC-42A3-9474-1A3956D46DE8}") = "src", "src", "{E90962AB-AB3C-4882-946F-FCD524333448}"
EndProject
Project("{2150E333-8FDC-42A3-9474-1A3956D46DE8}") = "App_Start", "App_Start", "{EE0B2A47-0042-474F-A01C-90497D75FD6D}"
	ProjectSection(SolutionItems) = preProject
		App_Start\UmbracoBackOfficeAuthExtensions.cs = App_Start\UmbracoBackOfficeAuthExtensions.cs
		App_Start\UmbracoCustomOwinStartup.cs = App_Start\UmbracoCustomOwinStartup.cs
		App_Start\UmbracoStandardOwinStartup.cs = App_Start\UmbracoStandardOwinStartup.cs
	EndProjectSection
EndProject
Project("{2150E333-8FDC-42A3-9474-1A3956D46DE8}") = "build", "build", "{596116B3-3B38-481C-9442-643AF4CA1071}"
	ProjectSection(SolutionItems) = preProject
		..\build\Build-Release.ps1 = ..\build\Build-Release.ps1
		..\build\UmbracoCms.Identity.nuspec = ..\build\UmbracoCms.Identity.nuspec
		..\build\UmbracoCms.Identity.Readme.txt = ..\build\UmbracoCms.Identity.Readme.txt
	EndProjectSection
EndProject
Global
	GlobalSection(SolutionProperties) = preSolution
		HideSolutionNode = FALSE
	EndGlobalSection
	GlobalSection(NestedProjects) = preSolution
		{EE0B2A47-0042-474F-A01C-90497D75FD6D} = {E90962AB-AB3C-4882-946F-FCD524333448}
	EndGlobalSection
EndGlobal
